
Microsoft Visual Studio Solution File, Format Version 12.00
# Visual Studio Version 17
VisualStudioVersion = 17.5.002.0
MinimumVisualStudioVersion = 10.0.40219.1
Project("{9A19103F-16F7-4668-BE54-9A1E7A4F7556}") = ".net", ".net.csproj", "{CCB851D6-3431-48F0-8E9C-27BB772A3805}"
EndProject
Global
	GlobalSection(SolutionConfigurationPlatforms) = preSolution
		Debug|Any CPU = Debug|Any CPU
		Release|Any CPU = Release|Any CPU
	EndGlobalSection
	GlobalSection(ProjectConfigurationPlatforms) = postSolution
		{CCB851D6-3431-48F0-8E9C-27BB772A3805}.Debug|Any CPU.ActiveCfg = Debug|Any CPU
		{CCB851D6-3431-48F0-8E9C-27BB772A3805}.Debug|Any CPU.Build.0 = Debug|Any CPU
		{CCB851D6-3431-48F0-8E9C-27BB772A3805}.Release|Any CPU.ActiveCfg = Release|Any CPU
		{CCB851D6-3431-48F0-8E9C-27BB772A3805}.Release|Any CPU.Build.0 = Release|Any CPU
	EndGlobalSection
	GlobalSection(SolutionProperties) = preSolution
		HideSolutionNode = FALSE
	EndGlobalSection
	GlobalSection(ExtensibilityGlobals) = postSolution
		SolutionGuid = {7904B814-BAC1-485F-B8A3-285D437C62DB}
	EndGlobalSection
EndGlobal
